
Microsoft Visual Studio Solution File, Format Version 12.00
# Visual Studio Version 16
VisualStudioVersion = 16.0.29424.173
MinimumVisualStudioVersion = 10.0.40219.1
Project("{9A19103F-16F7-4668-BE54-9A1E7A4F7556}") = "Filer.Cli", "Concat.Cli\Filer.Cli.csproj", "{FB453F82-6760-4EB3-9244-17132A1A2B67}"
EndProject
Project("{9A19103F-16F7-4668-BE54-9A1E7A4F7556}") = "Filer.Cli.Tests", "Concat.Cli.Tests\Filer.Cli.Tests.csproj", "{17CD3E83-96FA-4D68-B465-DDFD7EE543F4}"
EndProject
Global
	GlobalSection(SolutionConfigurationPlatforms) = preSolution
		Debug|Any CPU = Debug|Any CPU
		Release|Any CPU = Release|Any CPU
	EndGlobalSection
	GlobalSection(ProjectConfigurationPlatforms) = postSolution
		{FB453F82-6760-4EB3-9244-17132A1A2B67}.Debug|Any CPU.ActiveCfg = Debug|Any CPU
		{FB453F82-6760-4EB3-9244-17132A1A2B67}.Debug|Any CPU.Build.0 = Debug|Any CPU
		{FB453F82-6760-4EB3-9244-17132A1A2B67}.Release|Any CPU.ActiveCfg = Release|Any CPU
		{FB453F82-6760-4EB3-9244-17132A1A2B67}.Release|Any CPU.Build.0 = Release|Any CPU
		{17CD3E83-96FA-4D68-B465-DDFD7EE543F4}.Debug|Any CPU.ActiveCfg = Debug|Any CPU
		{17CD3E83-96FA-4D68-B465-DDFD7EE543F4}.Debug|Any CPU.Build.0 = Debug|Any CPU
		{17CD3E83-96FA-4D68-B465-DDFD7EE543F4}.Release|Any CPU.ActiveCfg = Release|Any CPU
		{17CD3E83-96FA-4D68-B465-DDFD7EE543F4}.Release|Any CPU.Build.0 = Release|Any CPU
	EndGlobalSection
	GlobalSection(SolutionProperties) = preSolution
		HideSolutionNode = FALSE
	EndGlobalSection
	GlobalSection(ExtensibilityGlobals) = postSolution
		SolutionGuid = {232EA43D-C5B6-4191-8A40-DCED080CED83}
	EndGlobalSection
EndGlobal
